// !$*UTF8*$!
{
	archiveVersion = 1;
	classes = {
	};
	objectVersion = 46;
	objects = {

/* Begin PBXBuildFile section */
		A06FE9071668EFEC0064C17F /* multiord_bipartite.cpp in Sources */ = {isa = PBXBuildFile; fileRef = A06FE9051668EFEC0064C17F /* multiord_bipartite.cpp */; };
		A06FE90B1668F00B0064C17F /* full.cpp in Sources */ = {isa = PBXBuildFile; fileRef = A06FE9081668F00B0064C17F /* full.cpp */; };
		A06FE90C1668F00B0064C17F /* sparse.cpp in Sources */ = {isa = PBXBuildFile; fileRef = A06FE90A1668F00B0064C17F /* sparse.cpp */; };
/* End PBXBuildFile section */

/* Begin PBXFileReference section */
		A06FE8FC1668EFD80064C17F /* multiord_bipartite.mexmaci64 */ = {isa = PBXFileReference; explicitFileType = "compiled.mach-o.dylib"; includeInIndex = 0; path = multiord_bipartite.mexmaci64; sourceTree = BUILT_PRODUCTS_DIR; };
		A06FE8FF1668EFD90064C17F /* mex.xcconfig */ = {isa = PBXFileReference; lastKnownFileType = text.xcconfig; path = mex.xcconfig; sourceTree = "<group>"; };
		A06FE9051668EFEC0064C17F /* multiord_bipartite.cpp */ = {isa = PBXFileReference; fileEncoding = 4; lastKnownFileType = sourcecode.cpp.cpp; path = multiord_bipartite.cpp; sourceTree = "<group>"; };
		A06FE9081668F00B0064C17F /* full.cpp */ = {isa = PBXFileReference; fileEncoding = 4; lastKnownFileType = sourcecode.cpp.cpp; name = full.cpp; path = ../matlab_matrix/full.cpp; sourceTree = "<group>"; };
		A06FE9091668F00B0064C17F /* matlab_matrix.h */ = {isa = PBXFileReference; fileEncoding = 4; lastKnownFileType = sourcecode.c.h; name = matlab_matrix.h; path = ../matlab_matrix/matlab_matrix.h; sourceTree = "<group>"; };
		A06FE90A1668F00B0064C17F /* sparse.cpp */ = {isa = PBXFileReference; fileEncoding = 4; lastKnownFileType = sourcecode.cpp.cpp; name = sparse.cpp; path = ../matlab_matrix/sparse.cpp; sourceTree = "<group>"; };
/* End PBXFileReference section */

/* Begin PBXGroup section */
		A06FE8F31668EFD70064C17F = {
			isa = PBXGroup;
			children = (
				A06FE9051668EFEC0064C17F /* multiord_bipartite.cpp */,
				A06FE9081668F00B0064C17F /* full.cpp */,
				A06FE9091668F00B0064C17F /* matlab_matrix.h */,
				A06FE90A1668F00B0064C17F /* sparse.cpp */,
				A06FE8FE1668EFD80064C17F /* multiord_bipartite */,
				A06FE8FD1668EFD80064C17F /* Products */,
			);
			sourceTree = "<group>";
		};
		A06FE8FD1668EFD80064C17F /* Products */ = {
			isa = PBXGroup;
			children = (
				A06FE8FC1668EFD80064C17F /* multiord_bipartite.mexmaci64 */,
			);
			name = Products;
			sourceTree = "<group>";
		};
		A06FE8FE1668EFD80064C17F /* multiord_bipartite */ = {
			isa = PBXGroup;
			children = (
				A06FE8FF1668EFD90064C17F /* mex.xcconfig */,
			);
			path = multiord_bipartite;
			sourceTree = "<group>";
		};
/* End PBXGroup section */

/* Begin PBXNativeTarget section */
		A06FE8FB1668EFD80064C17F /* multiord_bipartite */ = {
			isa = PBXNativeTarget;
			buildConfigurationList = A06FE9021668EFD90064C17F /* Build configuration list for PBXNativeTarget "multiord_bipartite" */;
			buildPhases = (
				A06FE8FA1668EFD80064C17F /* Sources */,
			);
			buildRules = (
			);
			dependencies = (
			);
			name = multiord_bipartite;
			productName = multiord_bipartite;
			productReference = A06FE8FC1668EFD80064C17F /* multiord_bipartite.mexmaci64 */;
			productType = "com.apple.product-type.library.dynamic";
		};
/* End PBXNativeTarget section */

/* Begin PBXProject section */
		A06FE8F51668EFD70064C17F /* Project object */ = {
			isa = PBXProject;
			attributes = {
				LastUpgradeCheck = 0510;
			};
			buildConfigurationList = A06FE8F81668EFD70064C17F /* Build configuration list for PBXProject "multiord_bipartite" */;
			compatibilityVersion = "Xcode 3.2";
			developmentRegion = English;
			hasScannedForEncodings = 0;
			knownRegions = (
				en,
			);
			mainGroup = A06FE8F31668EFD70064C17F;
			productRefGroup = A06FE8FD1668EFD80064C17F /* Products */;
			projectDirPath = "";
			projectRoot = "";
			targets = (
				A06FE8FB1668EFD80064C17F /* multiord_bipartite */,
			);
		};
/* End PBXProject section */

/* Begin PBXSourcesBuildPhase section */
		A06FE8FA1668EFD80064C17F /* Sources */ = {
			isa = PBXSourcesBuildPhase;
			buildActionMask = 2147483647;
			files = (
				A06FE9071668EFEC0064C17F /* multiord_bipartite.cpp in Sources */,
				A06FE90B1668F00B0064C17F /* full.cpp in Sources */,
				A06FE90C1668F00B0064C17F /* sparse.cpp in Sources */,
			);
			runOnlyForDeploymentPostprocessing = 0;
		};
/* End PBXSourcesBuildPhase section */

/* Begin XCBuildConfiguration section */
		A06FE9001668EFD90064C17F /* Debug */ = {
			isa = XCBuildConfiguration;
			baseConfigurationReference = A06FE8FF1668EFD90064C17F /* mex.xcconfig */;
			buildSettings = {
				GCC_ENABLE_OBJC_EXCEPTIONS = YES;
				GCC_WARN_64_TO_32_BIT_CONVERSION = YES;
				MACOSX_DEPLOYMENT_TARGET = 10.9;
				ONLY_ACTIVE_ARCH = YES;
				SDKROOT = macosx;
			};
			name = Debug;
		};
		A06FE9011668EFD90064C17F /* Release */ = {
			isa = XCBuildConfiguration;
			baseConfigurationReference = A06FE8FF1668EFD90064C17F /* mex.xcconfig */;
			buildSettings = {
				DEBUG_INFORMATION_FORMAT = "dwarf-with-dsym";
				GCC_ENABLE_OBJC_EXCEPTIONS = YES;
				GCC_WARN_64_TO_32_BIT_CONVERSION = YES;
				MACOSX_DEPLOYMENT_TARGET = 10.9;
				SDKROOT = macosx;
			};
			name = Release;
		};
		A06FE9031668EFD90064C17F /* Debug */ = {
			isa = XCBuildConfiguration;
			buildSettings = {
				CLANG_ANALYZER_SECURITY_FLOATLOOPCOUNTER = YES;
				CONFIGURATION_BUILD_DIR = "$(SYMROOT)";
				DYLIB_COMPATIBILITY_VERSION = "";
				DYLIB_CURRENT_VERSION = "";
				EXECUTABLE_EXTENSION = mexmaci64;
				GCC_ENABLE_SSE3_EXTENSIONS = NO;
				GCC_FEEDBACK_DIRECTED_OPTIMIZATION = Off;
				GCC_OPTIMIZATION_LEVEL = 3;
				GCC_UNROLL_LOOPS = YES;
				GCC_VERSION = com.apple.compilers.llvm.clang.1_0;
				HEADER_SEARCH_PATHS = "$(MATLABROOT)/extern/include";
				LIBRARY_SEARCH_PATHS = "$(MATLABROOT)/bin/maci64";
				LLVM_LTO = YES;
				MACH_O_TYPE = mh_bundle;
				OTHER_LDFLAGS = (
					"-lmx",
					"-lmex",
					"-lmat",
				);
				PRODUCT_NAME = "$(TARGET_NAME)";
				SYMROOT = "$(SRCROOT)/build/$(CONFIGURATION)";
			};
			name = Debug;
		};
		A06FE9041668EFD90064C17F /* Release */ = {
			isa = XCBuildConfiguration;
			buildSettings = {
				CLANG_ANALYZER_SECURITY_FLOATLOOPCOUNTER = YES;
				CONFIGURATION_BUILD_DIR = /Volumes/home/Documents/MATLAB/C_Code;
				DYLIB_COMPATIBILITY_VERSION = "";
				DYLIB_CURRENT_VERSION = "";
				EXECUTABLE_EXTENSION = mexmaci64;
				GCC_ENABLE_SSE3_EXTENSIONS = NO;
				GCC_FEEDBACK_DIRECTED_OPTIMIZATION = Off;
				GCC_GENERATE_DEBUGGING_SYMBOLS = NO;
				GCC_OPTIMIZATION_LEVEL = 3;
				GCC_UNROLL_LOOPS = YES;
				GCC_VERSION = com.apple.compilers.llvm.clang.1_0;
				HEADER_SEARCH_PATHS = "$(MATLABROOT)/extern/include";
				LIBRARY_SEARCH_PATHS = "$(MATLABROOT)/bin/maci64";
				LLVM_LTO = YES;
				MACH_O_TYPE = mh_bundle;
				OBJROOT = "$(SRCROOT)/build/$(CONFIGURATION)";
				OTHER_LDFLAGS = (
					"-lmx",
					"-lmex",
					"-lmat",
				);
				PRODUCT_NAME = "$(TARGET_NAME)";
				SYMROOT = /Volumes/home/Documents/MATLAb/C_Code;
			};
			name = Release;
		};
/* End XCBuildConfiguration section */

/* Begin XCConfigurationList section */
		A06FE8F81668EFD70064C17F /* Build configuration list for PBXProject "multiord_bipartite" */ = {
			isa = XCConfigurationList;
			buildConfigurations = (
				A06FE9001668EFD90064C17F /* Debug */,
				A06FE9011668EFD90064C17F /* Release */,
			);
			defaultConfigurationIsVisible = 0;
			defaultConfigurationName = Release;
		};
		A06FE9021668EFD90064C17F /* Build configuration list for PBXNativeTarget "multiord_bipartite" */ = {
			isa = XCConfigurationList;
			buildConfigurations = (
				A06FE9031668EFD90064C17F /* Debug */,
				A06FE9041668EFD90064C17F /* Release */,
			);
			defaultConfigurationIsVisible = 0;
			defaultConfigurationName = Release;
		};
/* End XCConfigurationList section */
	};
	rootObject = A06FE8F51668EFD70064C17F /* Project object */;
}
